<?xml version="1.0" encoding="utf-8"?>
<Project ToolsVersion="4.0" xmlns="http://schemas.microsoft.com/developer/msbuild/2003">
  <ItemGroup>
    <Filter Include="Engine">
      <UniqueIdentifier>{DBC7D3B0-C769-FE86-B024-12DB9C6585D7}</UniqueIdentifier>
    </Filter>
    <Filter Include="Engine\Audio">
      <UniqueIdentifier>{1C8EDB94-08F1-6A39-B176-A3EF9DB836BC}</UniqueIdentifier>
    </Filter>
    <Filter Include="Engine\Base">
      <UniqueIdentifier>{45459A61-B1FA-1257-3AEF-0C2EA6A3095B}</UniqueIdentifier>
    </Filter>
    <Filter Include="Engine\Debug">
      <UniqueIdentifier>{910A0995-7D6D-9839-26F3-D0EF123564BC}</UniqueIdentifier>
    </Filter>
    <Filter Include="Engine\Editor">
      <UniqueIdentifier>{B0F9B9E6-CC02-49D0-8A42-87D468C5B2F7}</UniqueIdentifier>
    </Filter>
    <Filter Include="Engine\Graphics">
      <UniqueIdentifier>{7B960115-E721-6FD9-F032-F2CD5C3DCBD9}</UniqueIdentifier>
    </Filter>
    <Filter Include="Engine\Input">
      <UniqueIdentifier>{1AB06895-0613-F839-AF98-30F09BDAC3BC}</UniqueIdentifier>
    </Filter>
    <Filter Include="Engine\Math">
      <UniqueIdentifier>{944DA061-0003-1957-89F7-122EF5AB0F5B}</UniqueIdentifier>
    </Filter>
    <Filter Include="Game\Scene">
      <UniqueIdentifier>{E1F97D90-72FC-4E9C-9AFA-713B4C00AB8D}</UniqueIdentifier>
    </Filter>
    <Filter Include="Game">
      <UniqueIdentifier>{7FA9857C-6BE0-860D-14CD-6C1000E3020F}</UniqueIdentifier>
    </Filter>
    <Filter Include="ImGui">
      <UniqueIdentifier>{0d78af03-bf22-4011-a5a3-2913a55621f6}</UniqueIdentifier>
    </Filter>
    <Filter Include="Assets">
      <UniqueIdentifier>{0059445d-7b2e-45b8-a4ec-fb8053a1073f}</UniqueIdentifier>
    </Filter>
    <Filter Include="Assets\Shaders">
      <UniqueIdentifier>{c4187777-6b00-4f50-8bea-0ebaf3908d59}</UniqueIdentifier>
    </Filter>
  </ItemGroup>
  <ItemGroup>
    <ClInclude Include="MTEngine\Engine\Audio\Sound.h">
      <Filter>Engine\Audio</Filter>
    </ClInclude>
    <ClInclude Include="MTEngine\Engine\Base\CrashHandler.h">
      <Filter>Engine\Base</Filter>
    </ClInclude>
    <ClInclude Include="MTEngine\Engine\Base\Dx12Device.h">
      <Filter>Engine\Base</Filter>
    </ClInclude>
    <ClInclude Include="MTEngine\Engine\Base\Engine.h">
      <Filter>Engine\Base</Filter>
    </ClInclude>
    <ClInclude Include="MTEngine\Engine\Base\ShaderCompiler.h">
      <Filter>Engine\Base</Filter>
    </ClInclude>
    <ClInclude Include="MTEngine\Engine\Base\SwapChain.h">
      <Filter>Engine\Base</Filter>
    </ClInclude>
    <ClInclude Include="MTEngine\Engine\Base\Window.h">
      <Filter>Engine\Base</Filter>
    </ClInclude>
    <ClInclude Include="MTEngine\Engine\Debug\DebugCamera.h">
      <Filter>Engine\Debug</Filter>
    </ClInclude>
    <ClInclude Include="MTEngine\Engine\Editor\Editor.h">
      <Filter>Engine\Editor</Filter>
    </ClInclude>
    <ClInclude Include="MTEngine\Engine\Editor\SceneAxis.h">
      <Filter>Engine\Editor</Filter>
    </ClInclude>
    <ClInclude Include="MTEngine\Engine\Debug\Logger.h">
      <Filter>Engine\Debug</Filter>
    </ClInclude>
    <ClInclude Include="MTEngine\Engine\Graphics\ConstantBuffer.h">
      <Filter>Engine\Graphics</Filter>
    </ClInclude>
    <ClInclude Include="MTEngine\Engine\Graphics\DescriptorHeapManager.h">
      <Filter>Engine\Graphics</Filter>
    </ClInclude>
    <ClInclude Include="MTEngine\Engine\Graphics\Model.h">
      <Filter>Engine\Graphics</Filter>
    </ClInclude>
    <ClInclude Include="MTEngine\Engine\Graphics\PipelineManager.h">
      <Filter>Engine\Graphics</Filter>
    </ClInclude>
    <ClInclude Include="MTEngine\Engine\Graphics\Sprite.h">
      <Filter>Engine\Graphics</Filter>
    </ClInclude>
    <ClInclude Include="MTEngine\Engine\Graphics\TextureManager.h">
      <Filter>Engine\Graphics</Filter>
    </ClInclude>
    <ClInclude Include="MTEngine\Engine\Input\Input.h">
      <Filter>Engine\Input</Filter>
    </ClInclude>
    <ClInclude Include="MTEngine\Engine\Math\Matrix.h">
      <Filter>Engine\Math</Filter>
    </ClInclude>
    <ClInclude Include="MTEngine\Engine\Math\Transform.h">
      <Filter>Engine\Math</Filter>
    </ClInclude>
    <ClInclude Include="MTEngine\Engine\Math\Vector.h">
      <Filter>Engine\Math</Filter>
    </ClInclude>
    <ClInclude Include="MTEngine\Game\Scene\GameScene.h">
      <Filter>Game\Scene</Filter>
    </ClInclude>
    <ClInclude Include="externals\imgui\imconfig.h">
      <Filter>ImGui</Filter>
    </ClInclude>
    <ClInclude Include="externals\imgui\imgui.h">
      <Filter>ImGui</Filter>
    </ClInclude>
    <ClInclude Include="externals\imgui\imgui_impl_dx12.h">
      <Filter>ImGui</Filter>
    </ClInclude>
    <ClInclude Include="externals\imgui\imgui_impl_win32.h">
      <Filter>ImGui</Filter>
    </ClInclude>
    <ClInclude Include="externals\imgui\imgui_internal.h">
      <Filter>ImGui</Filter>
    </ClInclude>
    <ClInclude Include="externals\imgui\imstb_rectpack.h">
      <Filter>ImGui</Filter>
    </ClInclude>
    <ClInclude Include="externals\imgui\imstb_textedit.h">
      <Filter>ImGui</Filter>
    </ClInclude>
    <ClInclude Include="externals\imgui\imstb_truetype.h">
      <Filter>ImGui</Filter>
    </ClInclude>
    <ClInclude Include="MTEngine\Engine\Debug\ImGuiManager.h">
      <Filter>Engine\Debug</Filter>
    </ClInclude>
    <ClInclude Include="MTEngine\Engine\Audio\Audio.h">
      <Filter>Engine\Audio</Filter>
    </ClInclude>
    <ClInclude Include="MTEngine\Engine\Audio\AudioManager.h">
      <Filter>Engine\Audio</Filter>
    </ClInclude>
    <ClInclude Include="MTEngine\Engine\Graphics\GraphicsManager.h">
      <Filter>Engine\Graphics</Filter>
    </ClInclude>
    <ClInclude Include="MTEngine\Engine\Graphics\Renderer.h">
      <Filter>Engine\Graphics</Filter>
    </ClInclude>
    <ClInclude Include="MTEngine\Engine\Input\GamePad.h">
      <Filter>Engine\Input</Filter>
    </ClInclude>
  </ItemGroup>
  <ItemGroup>
    <ClCompile Include="MTEngine\Engine\Audio\Sound.cpp">
      <Filter>Engine\Audio</Filter>
    </ClCompile>
    <ClCompile Include="MTEngine\Engine\Base\CrashHandler.cpp">
      <Filter>Engine\Base</Filter>
    </ClCompile>
    <ClCompile Include="MTEngine\Engine\Base\Dx12Device.cpp">
      <Filter>Engine\Base</Filter>
    </ClCompile>
    <ClCompile Include="MTEngine\Engine\Base\Engine.cpp">
      <Filter>Engine\Base</Filter>
    </ClCompile>
    <ClCompile Include="MTEngine\Engine\Base\ShaderCompiler.cpp">
      <Filter>Engine\Base</Filter>
    </ClCompile>
    <ClCompile Include="MTEngine\Engine\Base\SwapChain.cpp">
      <Filter>Engine\Base</Filter>
    </ClCompile>
    <ClCompile Include="MTEngine\Engine\Base\Window.cpp">
      <Filter>Engine\Base</Filter>
    </ClCompile>
    <ClCompile Include="MTEngine\Engine\Debug\DebugCamera.cpp">
      <Filter>Engine\Debug</Filter>
    </ClCompile>
    <ClCompile Include="MTEngine\Engine\Editor\Editor.cpp">
      <Filter>Engine\Editor</Filter>
    </ClCompile>
    <ClCompile Include="MTEngine\Engine\Editor\SceneAxis.cpp">
      <Filter>Engine\Editor</Filter>
    </ClCompile>
    <ClCompile Include="MTEngine\Engine\Debug\Logger.cpp">
      <Filter>Engine\Debug</Filter>
    </ClCompile>
    <ClCompile Include="MTEngine\Engine\Graphics\ConstantBuffer.cpp">
      <Filter>Engine\Graphics</Filter>
    </ClCompile>
    <ClCompile Include="MTEngine\Engine\Graphics\DescriptorHeapManager.cpp">
      <Filter>Engine\Graphics</Filter>
    </ClCompile>
    <ClCompile Include="MTEngine\Engine\Graphics\Model.cpp">
      <Filter>Engine\Graphics</Filter>
    </ClCompile>
    <ClCompile Include="MTEngine\Engine\Graphics\PipelineManager.cpp">
      <Filter>Engine\Graphics</Filter>
    </ClCompile>
    <ClCompile Include="MTEngine\Engine\Graphics\Sprite.cpp">
      <Filter>Engine\Graphics</Filter>
    </ClCompile>
    <ClCompile Include="MTEngine\Engine\Graphics\TextureManager.cpp">
      <Filter>Engine\Graphics</Filter>
    </ClCompile>
    <ClCompile Include="MTEngine\Engine\Input\Input.cpp">
      <Filter>Engine\Input</Filter>
    </ClCompile>
    <ClCompile Include="MTEngine\Engine\Math\Vector.cpp">
      <Filter>Engine\Math</Filter>
    </ClCompile>
    <ClCompile Include="MTEngine\Game\Scene\GameScene.cpp">
      <Filter>Game\Scene</Filter>
    </ClCompile>
    <ClCompile Include="MTEngine\Game\main.cpp">
      <Filter>Game</Filter>
    </ClCompile>
    <ClCompile Include="externals\imgui\imgui.cpp">
      <Filter>ImGui</Filter>
    </ClCompile>
    <ClCompile Include="externals\imgui\imgui_demo.cpp">
      <Filter>ImGui</Filter>
    </ClCompile>
    <ClCompile Include="externals\imgui\imgui_draw.cpp">
      <Filter>ImGui</Filter>
    </ClCompile>
    <ClCompile Include="externals\imgui\imgui_impl_dx12.cpp">
      <Filter>ImGui</Filter>
    </ClCompile>
    <ClCompile Include="externals\imgui\imgui_impl_win32.cpp">
      <Filter>ImGui</Filter>
    </ClCompile>
    <ClCompile Include="externals\imgui\imgui_tables.cpp">
      <Filter>ImGui</Filter>
    </ClCompile>
    <ClCompile Include="externals\imgui\imgui_widgets.cpp">
      <Filter>ImGui</Filter>
    </ClCompile>
    <ClCompile Include="MTEngine\Engine\Debug\ImGuiManager.cpp">
      <Filter>Engine\Debug</Filter>
    </ClCompile>
    <ClCompile Include="MTEngine\Engine\Audio\Audio.cpp">
      <Filter>Engine\Audio</Filter>
    </ClCompile>
    <ClCompile Include="MTEngine\Engine\Audio\AudioManager.cpp">
      <Filter>Engine\Audio</Filter>
    </ClCompile>
    <ClCompile Include="MTEngine\Engine\Graphics\GraphicsManager.cpp">
      <Filter>Engine\Graphics</Filter>
    </ClCompile>
    <ClCompile Include="MTEngine\Engine\Graphics\Renderer.cpp">
      <Filter>Engine\Graphics</Filter>
    </ClCompile>
    <ClCompile Include="MTEngine\Engine\Input\GamePad.cpp">
      <Filter>Engine\Input</Filter>
    </ClCompile>
  </ItemGroup>
  <ItemGroup>
    <Text Include="externals\imgui\LICENSE.txt">
      <Filter>ImGui</Filter>
    </Text>
  </ItemGroup>
  <ItemGroup>
    <None Include="MTEngine\Assets\Shaders\Object3d.hlsli">
      <Filter>Assets\Shaders</Filter>
    </None>
  </ItemGroup>
  <ItemGroup>
    <FxCompile Include="MTEngine\Assets\Shaders\Object3d.PS.hlsl">
      <Filter>Assets\Shaders</Filter>
    </FxCompile>
    <FxCompile Include="MTEngine\Assets\Shaders\object3d.VS.hlsl">
      <Filter>Assets\Shaders</Filter>
    </FxCompile>
  </ItemGroup>
</Project>
